
Microsoft Visual Studio Solution File, Format Version 12.00
# Visual Studio Version 16
VisualStudioVersion = 16.0.31729.503
MinimumVisualStudioVersion = 10.0.40219.1
Project("{FAE04EC0-301F-11D3-BF4B-00C04F79EFBC}") = "ConsoleApp1", "ConsoleApp1\ConsoleApp1.csproj", "{ACAB8EEB-E754-45BF-B966-5F8730CC98DA}"
EndProject
Global
	GlobalSection(SolutionConfigurationPlatforms) = preSolution
		Debug|Any CPU = Debug|Any CPU
		Release|Any CPU = Release|Any CPU
	EndGlobalSection
	GlobalSection(ProjectConfigurationPlatforms) = postSolution
		{ACAB8EEB-E754-45BF-B966-5F8730CC98DA}.Debug|Any CPU.ActiveCfg = Debug|Any CPU
		{ACAB8EEB-E754-45BF-B966-5F8730CC98DA}.Debug|Any CPU.Build.0 = Debug|Any CPU
		{ACAB8EEB-E754-45BF-B966-5F8730CC98DA}.Release|Any CPU.ActiveCfg = Release|Any CPU
		{ACAB8EEB-E754-45BF-B966-5F8730CC98DA}.Release|Any CPU.Build.0 = Release|Any CPU
	EndGlobalSection
	GlobalSection(SolutionProperties) = preSolution
		HideSolutionNode = FALSE
	EndGlobalSection
	GlobalSection(ExtensibilityGlobals) = postSolution
		SolutionGuid = {7BD22D96-7484-4EDB-9ADE-3F3F02BB8912}
	EndGlobalSection
EndGlobal
